{
  "name": "belmont-browse",
  "lockfileVersion": 3,
  "requires": true,
  "packages": {
    "": {
      "name": "belmont-browse",
      "dependencies": {
        "@moss-dev/moss-core": "^0.23.0",
        "@silvia-odwyer/photon-node": "^0.3.4",
        "ws": "^8.21.3"
      }
    },
    "node_modules/@moss-dev/moss-core": {
      "version": "0.23.0",
      "resolved": "https://registry.npmjs.org/@moss-dev/moss-core/-/moss-core-0.23.0.tgz",
      "integrity": "sha512-TTKAzfm+mBTK+fiYjgK4nmreo07C9ARVxlo12Zgrk07MlvY8j/HKkwipLsV5N7q8o/A+juL4bCscuXL8BwH18w==",
      "license": "Proprietary",
      "engines": {
        "node": ">=20"
      },
      "optionalDependencies": {
        "@moss-dev/moss-core-darwin-arm64": "0.23.0",
        "@moss-dev/moss-core-darwin-x64": "0.23.0",
        "@moss-dev/moss-core-linux-arm64-gnu": "0.23.0",
        "@moss-dev/moss-core-linux-x64-gnu": "0.23.0",
        "@moss-dev/moss-core-win32-x64-msvc": "0.23.0"
      }
    },
    "node_modules/@moss-dev/moss-core-darwin-arm64": {
      "version": "0.23.0",
      "resolved": "https://registry.npmjs.org/@moss-dev/moss-core-darwin-arm64/-/moss-core-darwin-arm64-0.23.0.tgz",
      "integrity": "sha512-ioNUDbgFc0qXvqErolJLx5M1PS4WjrDfSjVNNG7BCBTROnoejGl9J9KIRqOitUz/JhjXs2KQtdZAW1fi9lc5Gg==",
      "cpu": [
        "arm64"
      ],
      "license": "Proprietary",
      "optional": true,
      "os": [
        "darwin"
      ],
      "engines": {
        "node": ">=20"
      }
    },
    "node_modules/@moss-dev/moss-core-darwin-x64": {
      "version": "0.23.0",
      "resolved": "https://registry.npmjs.org/@moss-dev/moss-core-darwin-x64/-/moss-core-darwin-x64-0.23.0.tgz",
      "integrity": "sha512-lRDa6Kxh8gzw4pZ8Y0UwH1mEFDiroxhKeEKDEJQT3YzgkV5KMA14GJlOeOOXvk5Mulg2sK5bQT/h//fwRzNZTg==",
      "cpu": [
        "x64"
      ],
      "license": "Proprietary",
      "optional": true,
      "os": [
        "darwin"
      ],
      "engines": {
        "node": ">=20"
      }
    },
    "node_modules/@moss-dev/moss-core-linux-arm64-gnu": {
      "version": "0.23.0",
      "resolved": "https://registry.npmjs.org/@moss-dev/moss-core-linux-arm64-gnu/-/moss-core-linux-arm64-gnu-0.23.0.tgz",
      "integrity": "sha512-I3vrnLwcJfcuTXrNOi3YGPsFzRIvWeEYjxJVYsrZXOHqpuCcrltHCJM+8D170bEo4S2jV0bGnF7tdd3rndegFg==",
      "cpu": [
        "arm64"
      ],
      "libc": [
        "glibc"
      ],
      "license": "Proprietary",
      "optional": true,
      "os": [
        "linux"
      ],
      "engines": {
        "node": ">=20"
      }
    },
    "node_modules/@moss-dev/moss-core-linux-x64-gnu": {
      "version": "0.23.0",
      "resolved": "https://registry.npmjs.org/@moss-dev/moss-core-linux-x64-gnu/-/moss-core-linux-x64-gnu-0.23.0.tgz",
      "integrity": "sha512-Q1zIdV3erh5pWLo1Xi8ASjsSziyLWAaJScB2qWQQw69JHLewlTAd/jYMwxrDhn//vkOdQupz3FDqiaZLEEkIWQ==",
      "cpu": [
        "x64"
      ],
      "libc": [
        "glibc"
      ],
      "license": "Proprietary",
      "optional": true,
      "os": [
        "linux"
      ],
      "engines": {
        "node": ">=20"
      }
    },
    "node_modules/@moss-dev/moss-core-win32-x64-msvc": {
      "version": "0.23.0",
      "resolved": "https://registry.npmjs.org/@moss-dev/moss-core-win32-x64-msvc/-/moss-core-win32-x64-msvc-0.23.0.tgz",
      "integrity": "sha512-L2pqSSAIAiqFey8DpwpcM2U2W7jeYwIpaeuVLhJbC4DSAWI/zThiB77E4fZfEOXmawBxt4rB5wmQaLJE/hsXiQ==",
      "cpu": [
        "x64"
      ],
      "license": "Proprietary",
      "optional": true,
      "os": [
        "win32"
      ],
      "engines": {
        "node": ">=20"
      }
    },
    "node_modules/@silvia-odwyer/photon-node": {
      "version": "0.3.4",
      "resolved": "https://registry.npmjs.org/@silvia-odwyer/photon-node/-/photon-node-0.3.4.tgz",
      "integrity": "sha512-bnly4BKB3KDTFxrUIcgCLbaeVVS8lrAkri1pEzskpmxu9MdfGQTy8b8EgcD83ywD3RPMsIulY8xJH5Awa+t9fA==",
      "license": "Apache-2.0"
    },
    "node_modules/ws": {
      "version": "8.21.3",
      "resolved": "https://registry.npmjs.org/ws/-/ws-8.21.3.tgz",
      "integrity": "sha512-201TZ/kPWxoPr/OKWjquZR1SWKXcvxdH+e1xrx89b3YbmzLMFCLfnaG1HFIgWzJOEWZ7MvpK++odZufgYR50Rw==",
      "license": "MIT",
      "engines": {
        "node": ">=10.0.0"
      },
      "peerDependencies": {
        "bufferutil": "^4.0.1",
        "utf-8-validate": ">=5.0.2"
      },
      "peerDependenciesMeta": {
        "bufferutil": {
          "optional": true
        },
        "utf-8-validate": {
          "optional": true
        }
      }
    }
  }
}
